PODS:
  - HockeySDK (3.7.0):
    - HockeySDK/AllFeaturesLib (= 3.7.0)
  - hockeysdk-test (0.1.0):
    - HockeySDK
  - HockeySDK/AllFeaturesLib (3.7.0)

DEPENDENCIES:
  - hockeysdk-test (from `../`)

EXTERNAL SOURCES:
  hockeysdk-test:
    :path: "../"

SPEC CHECKSUMS:
  HockeySDK: 08dc21cad6f0cd4dc8efca7b457c06958025fc53
  hockeysdk-test: c8bff8178af62ae5cb123154bac0f29a8e4ab474

COCOAPODS: 0.37.2
